
Microsoft Visual Studio Solution File, Format Version 12.00
# Visual Studio Version 16
VisualStudioVersion = 16.0.31911.196
MinimumVisualStudioVersion = 10.0.40219.1
Project("{FAE04EC0-301F-11D3-BF4B-00C04F79EFBC}") = "TaRuleTechnologyMachineText", "TaRuleTechnologyMachineText\TaRuleTechnologyMachineText.csproj", "{9791357B-4D84-425D-88A5-325C294743F1}"
EndProject
Global
	GlobalSection(SolutionConfigurationPlatforms) = preSolution
		Debug|Any CPU = Debug|Any CPU
		Release|Any CPU = Release|Any CPU
	EndGlobalSection
	GlobalSection(ProjectConfigurationPlatforms) = postSolution
		{9791357B-4D84-425D-88A5-325C294743F1}.Debug|Any CPU.ActiveCfg = Debug|Any CPU
		{9791357B-4D84-425D-88A5-325C294743F1}.Debug|Any CPU.Build.0 = Debug|Any CPU
		{9791357B-4D84-425D-88A5-325C294743F1}.Release|Any CPU.ActiveCfg = Release|Any CPU
		{9791357B-4D84-425D-88A5-325C294743F1}.Release|Any CPU.Build.0 = Release|Any CPU
	EndGlobalSection
	GlobalSection(SolutionProperties) = preSolution
		HideSolutionNode = FALSE
	EndGlobalSection
	GlobalSection(ExtensibilityGlobals) = postSolution
		SolutionGuid = {98F01D9E-147C-4644-B2E7-BAA1115105B7}
	EndGlobalSection
EndGlobal
